// !$*UTF8*$!
{
	archiveVersion = 1;
	classes = {
	};
	objectVersion = 50;
	objects = {

/* Begin PBXBuildFile section */
		00C6E6B72315238600A8F079 /* AppDelegate.swift in Sources */ = {isa = PBXBuildFile; fileRef = 00C6E6B62315238600A8F079 /* AppDelegate.swift */; };
		00C6E6B92315238600A8F079 /* ViewController.swift in Sources */ = {isa = PBXBuildFile; fileRef = 00C6E6B82315238600A8F079 /* ViewController.swift */; };
		00C6E6BC2315238600A8F079 /* Main.storyboard in Resources */ = {isa = PBXBuildFile; fileRef = 00C6E6BA2315238600A8F079 /* Main.storyboard */; };
		00C6E6BE2315238700A8F079 /* Assets.xcassets in Resources */ = {isa = PBXBuildFile; fileRef = 00C6E6BD2315238700A8F079 /* Assets.xcassets */; };
		00C6E6C12315238700A8F079 /* LaunchScreen.storyboard in Resources */ = {isa = PBXBuildFile; fileRef = 00C6E6BF2315238700A8F079 /* LaunchScreen.storyboard */; };
		00C6E6CC2315238800A8F079 /* FirstJenkinsTests.swift in Sources */ = {isa = PBXBuildFile; fileRef = 00C6E6CB2315238800A8F079 /* FirstJenkinsTests.swift */; };
		00C6E6D72315238800A8F079 /* FirstJenkinsUITests.swift in Sources */ = {isa = PBXBuildFile; fileRef = 00C6E6D62315238800A8F079 /* FirstJenkinsUITests.swift */; };
		1076C1AAAE3E76C683AF9F7E /* Pods_FirstJenkinsUITests.framework in Frameworks */ = {isa = PBXBuildFile; fileRef = 8E49B8FFC29BE09D7B4868E0 /* Pods_FirstJenkinsUITests.framework */; };
		64B3C75A57E86DE5685410A5 /* Pods_FirstJenkins.framework in Frameworks */ = {isa = PBXBuildFile; fileRef = 22F7FE64041B22EF755E6763 /* Pods_FirstJenkins.framework */; };
		E651F8F747624C3F713557FC /* Pods_FirstJenkinsTests.framework in Frameworks */ = {isa = PBXBuildFile; fileRef = 4B6368C918320DA00B8FB172 /* Pods_FirstJenkinsTests.framework */; };
/* End PBXBuildFile section */

/* Begin PBXContainerItemProxy section */
		00C6E6C82315238800A8F079 /* PBXContainerItemProxy */ = {
			isa = PBXContainerItemProxy;
			containerPortal = 00C6E6AB2315238600A8F079 /* Project object */;
			proxyType = 1;
			remoteGlobalIDString = 00C6E6B22315238600A8F079;
			remoteInfo = FirstJenkins;
		};
		00C6E6D32315238800A8F079 /* PBXContainerItemProxy */ = {
			isa = PBXContainerItemProxy;
			containerPortal = 00C6E6AB2315238600A8F079 /* Project object */;
			proxyType = 1;
			remoteGlobalIDString = 00C6E6B22315238600A8F079;
			remoteInfo = FirstJenkins;
		};
/* End PBXContainerItemProxy section */

/* Begin PBXFileReference section */
		00C6E6B32315238600A8F079 /* FirstJenkins.app */ = {isa = PBXFileReference; explicitFileType = wrapper.application; includeInIndex = 0; path = FirstJenkins.app; sourceTree = BUILT_PRODUCTS_DIR; };
		00C6E6B62315238600A8F079 /* AppDelegate.swift */ = {isa = PBXFileReference; lastKnownFileType = sourcecode.swift; path = AppDelegate.swift; sourceTree = "<group>"; };
		00C6E6B82315238600A8F079 /* ViewController.swift */ = {isa = PBXFileReference; lastKnownFileType = sourcecode.swift; path = ViewController.swift; sourceTree = "<group>"; };
		00C6E6BB2315238600A8F079 /* Base */ = {isa = PBXFileReference; lastKnownFileType = file.storyboard; name = Base; path = Base.lproj/Main.storyboard; sourceTree = "<group>"; };
		00C6E6BD2315238700A8F079 /* Assets.xcassets */ = {isa = PBXFileReference; lastKnownFileType = folder.assetcatalog; path = Assets.xcassets; sourceTree = "<group>"; };
		00C6E6C02315238700A8F079 /* Base */ = {isa = PBXFileReference; lastKnownFileType = file.storyboard; name = Base; path = Base.lproj/LaunchScreen.storyboard; sourceTree = "<group>"; };
		00C6E6C22315238700A8F079 /* Info.plist */ = {isa = PBXFileReference; lastKnownFileType = text.plist.xml; path = Info.plist; sourceTree = "<group>"; };
		00C6E6C72315238800A8F079 /* FirstJenkinsTests.xctest */ = {isa = PBXFileReference; explicitFileType = wrapper.cfbundle; includeInIndex = 0; path = FirstJenkinsTests.xctest; sourceTree = BUILT_PRODUCTS_DIR; };
		00C6E6CB2315238800A8F079 /* FirstJenkinsTests.swift */ = {isa = PBXFileReference; lastKnownFileType = sourcecode.swift; path = FirstJenkinsTests.swift; sourceTree = "<group>"; };
		00C6E6CD2315238800A8F079 /* Info.plist */ = {isa = PBXFileReference; lastKnownFileType = text.plist.xml; path = Info.plist; sourceTree = "<group>"; };
		00C6E6D22315238800A8F079 /* FirstJenkinsUITests.xctest */ = {isa = PBXFileReference; explicitFileType = wrapper.cfbundle; includeInIndex = 0; path = FirstJenkinsUITests.xctest; sourceTree = BUILT_PRODUCTS_DIR; };
		00C6E6D62315238800A8F079 /* FirstJenkinsUITests.swift */ = {isa = PBXFileReference; lastKnownFileType = sourcecode.swift; path = FirstJenkinsUITests.swift; sourceTree = "<group>"; };
		00C6E6D82315238800A8F079 /* Info.plist */ = {isa = PBXFileReference; lastKnownFileType = text.plist.xml; path = Info.plist; sourceTree = "<group>"; };
		13CBD2C497101728713F44C6 /* Pods-FirstJenkins.release.xcconfig */ = {isa = PBXFileReference; includeInIndex = 1; lastKnownFileType = text.xcconfig; name = "Pods-FirstJenkins.release.xcconfig"; path = "Target Support Files/Pods-FirstJenkins/Pods-FirstJenkins.release.xcconfig"; sourceTree = "<group>"; };
		1D403C565BD6D5777582F6F9 /* Pods-FirstJenkinsUITests.release.xcconfig */ = {isa = PBXFileReference; includeInIndex = 1; lastKnownFileType = text.xcconfig; name = "Pods-FirstJenkinsUITests.release.xcconfig"; path = "Target Support Files/Pods-FirstJenkinsUITests/Pods-FirstJenkinsUITests.release.xcconfig"; sourceTree = "<group>"; };
		22F7FE64041B22EF755E6763 /* Pods_FirstJenkins.framework */ = {isa = PBXFileReference; explicitFileType = wrapper.framework; includeInIndex = 0; path = Pods_FirstJenkins.framework; sourceTree = BUILT_PRODUCTS_DIR; };
		2FCFF7D4EF9C775FD4430048 /* Pods-FirstJenkinsTests.release.xcconfig */ = {isa = PBXFileReference; includeInIndex = 1; lastKnownFileType = text.xcconfig; name = "Pods-FirstJenkinsTests.release.xcconfig"; path = "Target Support Files/Pods-FirstJenkinsTests/Pods-FirstJenkinsTests.release.xcconfig"; sourceTree = "<group>"; };
		4B6368C918320DA00B8FB172 /* Pods_FirstJenkinsTests.framework */ = {isa = PBXFileReference; explicitFileType = wrapper.framework; includeInIndex = 0; path = Pods_FirstJenkinsTests.framework; sourceTree = BUILT_PRODUCTS_DIR; };
		8E49B8FFC29BE09D7B4868E0 /* Pods_FirstJenkinsUITests.framework */ = {isa = PBXFileReference; explicitFileType = wrapper.framework; includeInIndex = 0; path = Pods_FirstJenkinsUITests.framework; sourceTree = BUILT_PRODUCTS_DIR; };
		B088B29FE553F5F48E91F7F8 /* Pods-FirstJenkins.debug.xcconfig */ = {isa = PBXFileReference; includeInIndex = 1; lastKnownFileType = text.xcconfig; name = "Pods-FirstJenkins.debug.xcconfig"; path = "Target Support Files/Pods-FirstJenkins/Pods-FirstJenkins.debug.xcconfig"; sourceTree = "<group>"; };
		E76D4E3AA15958246F70D291 /* Pods-FirstJenkinsUITests.debug.xcconfig */ = {isa = PBXFileReference; includeInIndex = 1; lastKnownFileType = text.xcconfig; name = "Pods-FirstJenkinsUITests.debug.xcconfig"; path = "Target Support Files/Pods-FirstJenkinsUITests/Pods-FirstJenkinsUITests.debug.xcconfig"; sourceTree = "<group>"; };
		FB8CD0153ADD7D3676131F23 /* Pods-FirstJenkinsTests.debug.xcconfig */ = {isa = PBXFileReference; includeInIndex = 1; lastKnownFileType = text.xcconfig; name = "Pods-FirstJenkinsTests.debug.xcconfig"; path = "Target Support Files/Pods-FirstJenkinsTests/Pods-FirstJenkinsTests.debug.xcconfig"; sourceTree = "<group>"; };
/* End PBXFileReference section */

/* Begin PBXFrameworksBuildPhase section */
		00C6E6B02315238600A8F079 /* Frameworks */ = {
			isa = PBXFrameworksBuildPhase;
			buildActionMask = 2147483647;
			files = (
				64B3C75A57E86DE5685410A5 /* Pods_FirstJenkins.framework in Frameworks */,
			);
			runOnlyForDeploymentPostprocessing = 0;
		};
		00C6E6C42315238800A8F079 /* Frameworks */ = {
			isa = PBXFrameworksBuildPhase;
			buildActionMask = 2147483647;
			files = (
				E651F8F747624C3F713557FC /* Pods_FirstJenkinsTests.framework in Frameworks */,
			);
			runOnlyForDeploymentPostprocessing = 0;
		};
		00C6E6CF2315238800A8F079 /* Frameworks */ = {
			isa = PBXFrameworksBuildPhase;
			buildActionMask = 2147483647;
			files = (
				1076C1AAAE3E76C683AF9F7E /* Pods_FirstJenkinsUITests.framework in Frameworks */,
			);
			runOnlyForDeploymentPostprocessing = 0;
		};
/* End PBXFrameworksBuildPhase section */

/* Begin PBXGroup section */
		00C6E6AA2315238600A8F079 = {
			isa = PBXGroup;
			children = (
				00C6E6B52315238600A8F079 /* FirstJenkins */,
				00C6E6CA2315238800A8F079 /* FirstJenkinsTests */,
				00C6E6D52315238800A8F079 /* FirstJenkinsUITests */,
				00C6E6B42315238600A8F079 /* Products */,
				161D35C0B69D07BBDF0013DD /* Pods */,
				DB1A58FFD1ED5B6EBF82CD7B /* Frameworks */,
			);
			sourceTree = "<group>";
		};
		00C6E6B42315238600A8F079 /* Products */ = {
			isa = PBXGroup;
			children = (
				00C6E6B32315238600A8F079 /* FirstJenkins.app */,
				00C6E6C72315238800A8F079 /* FirstJenkinsTests.xctest */,
				00C6E6D22315238800A8F079 /* FirstJenkinsUITests.xctest */,
			);
			name = Products;
			sourceTree = "<group>";
		};
		00C6E6B52315238600A8F079 /* FirstJenkins */ = {
			isa = PBXGroup;
			children = (
				00C6E6B62315238600A8F079 /* AppDelegate.swift */,
				00C6E6B82315238600A8F079 /* ViewController.swift */,
				00C6E6BA2315238600A8F079 /* Main.storyboard */,
				00C6E6BD2315238700A8F079 /* Assets.xcassets */,
				00C6E6BF2315238700A8F079 /* LaunchScreen.storyboard */,
				00C6E6C22315238700A8F079 /* Info.plist */,
			);
			path = FirstJenkins;
			sourceTree = "<group>";
		};
		00C6E6CA2315238800A8F079 /* FirstJenkinsTests */ = {
			isa = PBXGroup;
			children = (
				00C6E6CB2315238800A8F079 /* FirstJenkinsTests.swift */,
				00C6E6CD2315238800A8F079 /* Info.plist */,
			);
			path = FirstJenkinsTests;
			sourceTree = "<group>";
		};
		00C6E6D52315238800A8F079 /* FirstJenkinsUITests */ = {
			isa = PBXGroup;
			children = (
				00C6E6D62315238800A8F079 /* FirstJenkinsUITests.swift */,
				00C6E6D82315238800A8F079 /* Info.plist */,
			);
			path = FirstJenkinsUITests;
			sourceTree = "<group>";
		};
		161D35C0B69D07BBDF0013DD /* Pods */ = {
			isa = PBXGroup;
			children = (
				B088B29FE553F5F48E91F7F8 /* Pods-FirstJenkins.debug.xcconfig */,
				13CBD2C497101728713F44C6 /* Pods-FirstJenkins.release.xcconfig */,
				FB8CD0153ADD7D3676131F23 /* Pods-FirstJenkinsTests.debug.xcconfig */,
				2FCFF7D4EF9C775FD4430048 /* Pods-FirstJenkinsTests.release.xcconfig */,
				E76D4E3AA15958246F70D291 /* Pods-FirstJenkinsUITests.debug.xcconfig */,
				1D403C565BD6D5777582F6F9 /* Pods-FirstJenkinsUITests.release.xcconfig */,
			);
			name = Pods;
			path = Pods;
			sourceTree = "<group>";
		};
		DB1A58FFD1ED5B6EBF82CD7B /* Frameworks */ = {
			isa = PBXGroup;
			children = (
				22F7FE64041B22EF755E6763 /* Pods_FirstJenkins.framework */,
				4B6368C918320DA00B8FB172 /* Pods_FirstJenkinsTests.framework */,
				8E49B8FFC29BE09D7B4868E0 /* Pods_FirstJenkinsUITests.framework */,
			);
			name = Frameworks;
			sourceTree = "<group>";
		};
/* End PBXGroup section */

/* Begin PBXNativeTarget section */
		00C6E6B22315238600A8F079 /* FirstJenkins */ = {
			isa = PBXNativeTarget;
			buildConfigurationList = 00C6E6DB2315238800A8F079 /* Build configuration list for PBXNativeTarget "FirstJenkins" */;
			buildPhases = (
				1E8A8CFC4E901135E5E6F0DD /* [CP] Check Pods Manifest.lock */,
				00C6E6AF2315238600A8F079 /* Sources */,
				00C6E6B02315238600A8F079 /* Frameworks */,
				00C6E6B12315238600A8F079 /* Resources */,
			);
			buildRules = (
			);
			dependencies = (
			);
			name = FirstJenkins;
			productName = FirstJenkins;
			productReference = 00C6E6B32315238600A8F079 /* FirstJenkins.app */;
			productType = "com.apple.product-type.application";
		};
		00C6E6C62315238800A8F079 /* FirstJenkinsTests */ = {
			isa = PBXNativeTarget;
			buildConfigurationList = 00C6E6DE2315238800A8F079 /* Build configuration list for PBXNativeTarget "FirstJenkinsTests" */;
			buildPhases = (
				B6C65ED0D5B8E7C3979E6140 /* [CP] Check Pods Manifest.lock */,
				00C6E6C32315238800A8F079 /* Sources */,
				00C6E6C42315238800A8F079 /* Frameworks */,
				00C6E6C52315238800A8F079 /* Resources */,
			);
			buildRules = (
			);
			dependencies = (
				00C6E6C92315238800A8F079 /* PBXTargetDependency */,
			);
			name = FirstJenkinsTests;
			productName = FirstJenkinsTests;
			productReference = 00C6E6C72315238800A8F079 /* FirstJenkinsTests.xctest */;
			productType = "com.apple.product-type.bundle.unit-test";
		};
		00C6E6D12315238800A8F079 /* FirstJenkinsUITests */ = {
			isa = PBXNativeTarget;
			buildConfigurationList = 00C6E6E12315238800A8F079 /* Build configuration list for PBXNativeTarget "FirstJenkinsUITests" */;
			buildPhases = (
				B4BFC1442BCE50F159689655 /* [CP] Check Pods Manifest.lock */,
				00C6E6CE2315238800A8F079 /* Sources */,
				00C6E6CF2315238800A8F079 /* Frameworks */,
				00C6E6D02315238800A8F079 /* Resources */,
			);
			buildRules = (
			);
			dependencies = (
				00C6E6D42315238800A8F079 /* PBXTargetDependency */,
			);
			name = FirstJenkinsUITests;
			productName = FirstJenkinsUITests;
			productReference = 00C6E6D22315238800A8F079 /* FirstJenkinsUITests.xctest */;
			productType = "com.apple.product-type.bundle.ui-testing";
		};
/* End PBXNativeTarget section */

/* Begin PBXProject section */
		00C6E6AB2315238600A8F079 /* Project object */ = {
			isa = PBXProject;
			attributes = {
				LastSwiftUpdateCheck = 1030;
				LastUpgradeCheck = 1030;
				ORGANIZATIONNAME = Paco;
				TargetAttributes = {
					00C6E6B22315238600A8F079 = {
						CreatedOnToolsVersion = 10.3;
					};
					00C6E6C62315238800A8F079 = {
						CreatedOnToolsVersion = 10.3;
						TestTargetID = 00C6E6B22315238600A8F079;
					};
					00C6E6D12315238800A8F079 = {
						CreatedOnToolsVersion = 10.3;
						TestTargetID = 00C6E6B22315238600A8F079;
					};
				};
			};
			buildConfigurationList = 00C6E6AE2315238600A8F079 /* Build configuration list for PBXProject "FirstJenkins" */;
			compatibilityVersion = "Xcode 9.3";
			developmentRegion = en;
			hasScannedForEncodings = 0;
			knownRegions = (
				en,
				Base,
			);
			mainGroup = 00C6E6AA2315238600A8F079;
			productRefGroup = 00C6E6B42315238600A8F079 /* Products */;
			projectDirPath = "";
			projectRoot = "";
			targets = (
				00C6E6B22315238600A8F079 /* FirstJenkins */,
				00C6E6C62315238800A8F079 /* FirstJenkinsTests */,
				00C6E6D12315238800A8F079 /* FirstJenkinsUITests */,
			);
		};
/* End PBXProject section */

/* Begin PBXResourcesBuildPhase section */
		00C6E6B12315238600A8F079 /* Resources */ = {
			isa = PBXResourcesBuildPhase;
			buildActionMask = 2147483647;
			files = (
				00C6E6C12315238700A8F079 /* LaunchScreen.storyboard in Resources */,
				00C6E6BE2315238700A8F079 /* Assets.xcassets in Resources */,
				00C6E6BC2315238600A8F079 /* Main.storyboard in Resources */,
			);
			runOnlyForDeploymentPostprocessing = 0;
		};
		00C6E6C52315238800A8F079 /* Resources */ = {
			isa = PBXResourcesBuildPhase;
			buildActionMask = 2147483647;
			files = (
			);
			runOnlyForDeploymentPostprocessing = 0;
		};
		00C6E6D02315238800A8F079 /* Resources */ = {
			isa = PBXResourcesBuildPhase;
			buildActionMask = 2147483647;
			files = (
			);
			runOnlyForDeploymentPostprocessing = 0;
		};
/* End PBXResourcesBuildPhase section */

/* Begin PBXShellScriptBuildPhase section */
		1E8A8CFC4E901135E5E6F0DD /* [CP] Check Pods Manifest.lock */ = {
			isa = PBXShellScriptBuildPhase;
			buildActionMask = 2147483647;
			files = (
			);
			inputFileListPaths = (
			);
			inputPaths = (
				"${PODS_PODFILE_DIR_PATH}/Podfile.lock",
				"${PODS_ROOT}/Manifest.lock",
			);
			name = "[CP] Check Pods Manifest.lock";
			outputFileListPaths = (
			);
			outputPaths = (
				"$(DERIVED_FILE_DIR)/Pods-FirstJenkins-checkManifestLockResult.txt",
			);
			runOnlyForDeploymentPostprocessing = 0;
			shellPath = /bin/sh;
			shellScript = "diff \"${PODS_PODFILE_DIR_PATH}/Podfile.lock\" \"${PODS_ROOT}/Manifest.lock\" > /dev/null\nif [ $? != 0 ] ; then\n    # print error to STDERR\n    echo \"error: The sandbox is not in sync with the Podfile.lock. Run 'pod install' or update your CocoaPods installation.\" >&2\n    exit 1\nfi\n# This output is used by Xcode 'outputs' to avoid re-running this script phase.\necho \"SUCCESS\" > \"${SCRIPT_OUTPUT_FILE_0}\"\n";
			showEnvVarsInLog = 0;
		};
		B4BFC1442BCE50F159689655 /* [CP] Check Pods Manifest.lock */ = {
			isa = PBXShellScriptBuildPhase;
			buildActionMask = 2147483647;
			files = (
			);
			inputFileListPaths = (
			);
			inputPaths = (
				"${PODS_PODFILE_DIR_PATH}/Podfile.lock",
				"${PODS_ROOT}/Manifest.lock",
			);
			name = "[CP] Check Pods Manifest.lock";
			outputFileListPaths = (
			);
			outputPaths = (
				"$(DERIVED_FILE_DIR)/Pods-FirstJenkinsUITests-checkManifestLockResult.txt",
			);
			runOnlyForDeploymentPostprocessing = 0;
			shellPath = /bin/sh;
			shellScript = "diff \"${PODS_PODFILE_DIR_PATH}/Podfile.lock\" \"${PODS_ROOT}/Manifest.lock\" > /dev/null\nif [ $? != 0 ] ; then\n    # print error to STDERR\n    echo \"error: The sandbox is not in sync with the Podfile.lock. Run 'pod install' or update your CocoaPods installation.\" >&2\n    exit 1\nfi\n# This output is used by Xcode 'outputs' to avoid re-running this script phase.\necho \"SUCCESS\" > \"${SCRIPT_OUTPUT_FILE_0}\"\n";
			showEnvVarsInLog = 0;
		};
		B6C65ED0D5B8E7C3979E6140 /* [CP] Check Pods Manifest.lock */ = {
			isa = PBXShellScriptBuildPhase;
			buildActionMask = 2147483647;
			files = (
			);
			inputFileListPaths = (
			);
			inputPaths = (
				"${PODS_PODFILE_DIR_PATH}/Podfile.lock",
				"${PODS_ROOT}/Manifest.lock",
			);
			name = "[CP] Check Pods Manifest.lock";
			outputFileListPaths = (
			);
			outputPaths = (
				"$(DERIVED_FILE_DIR)/Pods-FirstJenkinsTests-checkManifestLockResult.txt",
			);
			runOnlyForDeploymentPostprocessing = 0;
			shellPath = /bin/sh;
			shellScript = "diff \"${PODS_PODFILE_DIR_PATH}/Podfile.lock\" \"${PODS_ROOT}/Manifest.lock\" > /dev/null\nif [ $? != 0 ] ; then\n    # print error to STDERR\n    echo \"error: The sandbox is not in sync with the Podfile.lock. Run 'pod install' or update your CocoaPods installation.\" >&2\n    exit 1\nfi\n# This output is used by Xcode 'outputs' to avoid re-running this script phase.\necho \"SUCCESS\" > \"${SCRIPT_OUTPUT_FILE_0}\"\n";
			showEnvVarsInLog = 0;
		};
/* End PBXShellScriptBuildPhase section */

/* Begin PBXSourcesBuildPhase section */
		00C6E6AF2315238600A8F079 /* Sources */ = {
			isa = PBXSourcesBuildPhase;
			buildActionMask = 2147483647;
			files = (
				00C6E6B92315238600A8F079 /* ViewController.swift in Sources */,
				00C6E6B72315238600A8F079 /* AppDelegate.swift in Sources */,
			);
			runOnlyForDeploymentPostprocessing = 0;
		};
		00C6E6C32315238800A8F079 /* Sources */ = {
			isa = PBXSourcesBuildPhase;
			buildActionMask = 2147483647;
			files = (
				00C6E6CC2315238800A8F079 /* FirstJenkinsTests.swift in Sources */,
			);
			runOnlyForDeploymentPostprocessing = 0;
		};
		00C6E6CE2315238800A8F079 /* Sources */ = {
			isa = PBXSourcesBuildPhase;
			buildActionMask = 2147483647;
			files = (
				00C6E6D72315238800A8F079 /* FirstJenkinsUITests.swift in Sources */,
			);
			runOnlyForDeploymentPostprocessing = 0;
		};
/* End PBXSourcesBuildPhase section */

/* Begin PBXTargetDependency section */
		00C6E6C92315238800A8F079 /* PBXTargetDependency */ = {
			isa = PBXTargetDependency;
			target = 00C6E6B22315238600A8F079 /* FirstJenkins */;
			targetProxy = 00C6E6C82315238800A8F079 /* PBXContainerItemProxy */;
		};
		00C6E6D42315238800A8F079 /* PBXTargetDependency */ = {
			isa = PBXTargetDependency;
			target = 00C6E6B22315238600A8F079 /* FirstJenkins */;
			targetProxy = 00C6E6D32315238800A8F079 /* PBXContainerItemProxy */;
		};
/* End PBXTargetDependency section */

/* Begin PBXVariantGroup section */
		00C6E6BA2315238600A8F079 /* Main.storyboard */ = {
			isa = PBXVariantGroup;
			children = (
				00C6E6BB2315238600A8F079 /* Base */,
			);
			name = Main.storyboard;
			sourceTree = "<group>";
		};
		00C6E6BF2315238700A8F079 /* LaunchScreen.storyboard */ = {
			isa = PBXVariantGroup;
			children = (
				00C6E6C02315238700A8F079 /* Base */,
			);
			name = LaunchScreen.storyboard;
			sourceTree = "<group>";
		};
/* End PBXVariantGroup section */

/* Begin XCBuildConfiguration section */
		00C6E6D92315238800A8F079 /* Debug */ = {
			isa = XCBuildConfiguration;
			buildSettings = {
				ALWAYS_SEARCH_USER_PATHS = NO;
				CLANG_ANALYZER_NONNULL = YES;
				CLANG_ANALYZER_NUMBER_OBJECT_CONVERSION = YES_AGGRESSIVE;
				CLANG_CXX_LANGUAGE_STANDARD = "gnu++14";
				CLANG_CXX_LIBRARY = "libc++";
				CLANG_ENABLE_MODULES = YES;
				CLANG_ENABLE_OBJC_ARC = YES;
				CLANG_ENABLE_OBJC_WEAK = YES;
				CLANG_WARN_BLOCK_CAPTURE_AUTORELEASING = YES;
				CLANG_WARN_BOOL_CONVERSION = YES;
				CLANG_WARN_COMMA = YES;
				CLANG_WARN_CONSTANT_CONVERSION = YES;
				CLANG_WARN_DEPRECATED_OBJC_IMPLEMENTATIONS = YES;
				CLANG_WARN_DIRECT_OBJC_ISA_USAGE = YES_ERROR;
				CLANG_WARN_DOCUMENTATION_COMMENTS = YES;
				CLANG_WARN_EMPTY_BODY = YES;
				CLANG_WARN_ENUM_CONVERSION = YES;
				CLANG_WARN_INFINITE_RECURSION = YES;
				CLANG_WARN_INT_CONVERSION = YES;
				CLANG_WARN_NON_LITERAL_NULL_CONVERSION = YES;
				CLANG_WARN_OBJC_IMPLICIT_RETAIN_SELF = YES;
				CLANG_WARN_OBJC_LITERAL_CONVERSION = YES;
				CLANG_WARN_OBJC_ROOT_CLASS = YES_ERROR;
				CLANG_WARN_RANGE_LOOP_ANALYSIS = YES;
				CLANG_WARN_STRICT_PROTOTYPES = YES;
				CLANG_WARN_SUSPICIOUS_MOVE = YES;
				CLANG_WARN_UNGUARDED_AVAILABILITY = YES_AGGRESSIVE;
				CLANG_WARN_UNREACHABLE_CODE = YES;
				CLANG_WARN__DUPLICATE_METHOD_MATCH = YES;
				CODE_SIGN_IDENTITY = "iPhone Developer";
				COPY_PHASE_STRIP = NO;
				DEBUG_INFORMATION_FORMAT = dwarf;
				ENABLE_STRICT_OBJC_MSGSEND = YES;
				ENABLE_TESTABILITY = YES;
				GCC_C_LANGUAGE_STANDARD = gnu11;
				GCC_DYNAMIC_NO_PIC = NO;
				GCC_NO_COMMON_BLOCKS = YES;
				GCC_OPTIMIZATION_LEVEL = 0;
				GCC_PREPROCESSOR_DEFINITIONS = (
					"DEBUG=1",
					"$(inherited)",
				);
				GCC_WARN_64_TO_32_BIT_CONVERSION = YES;
				GCC_WARN_ABOUT_RETURN_TYPE = YES_ERROR;
				GCC_WARN_UNDECLARED_SELECTOR = YES;
				GCC_WARN_UNINITIALIZED_AUTOS = YES_AGGRESSIVE;
				GCC_WARN_UNUSED_FUNCTION = YES;
				GCC_WARN_UNUSED_VARIABLE = YES;
				IPHONEOS_DEPLOYMENT_TARGET = 12.4;
				MTL_ENABLE_DEBUG_INFO = INCLUDE_SOURCE;
				MTL_FAST_MATH = YES;
				ONLY_ACTIVE_ARCH = YES;
				SDKROOT = iphoneos;
				SWIFT_ACTIVE_COMPILATION_CONDITIONS = DEBUG;
				SWIFT_OPTIMIZATION_LEVEL = "-Onone";
			};
			name = Debug;
		};
		00C6E6DA2315238800A8F079 /* Release */ = {
			isa = XCBuildConfiguration;
			buildSettings = {
				ALWAYS_SEARCH_USER_PATHS = NO;
				CLANG_ANALYZER_NONNULL = YES;
				CLANG_ANALYZER_NUMBER_OBJECT_CONVERSION = YES_AGGRESSIVE;
				CLANG_CXX_LANGUAGE_STANDARD = "gnu++14";
				CLANG_CXX_LIBRARY = "libc++";
				CLANG_ENABLE_MODULES = YES;
				CLANG_ENABLE_OBJC_ARC = YES;
				CLANG_ENABLE_OBJC_WEAK = YES;
				CLANG_WARN_BLOCK_CAPTURE_AUTORELEASING = YES;
				CLANG_WARN_BOOL_CONVERSION = YES;
				CLANG_WARN_COMMA = YES;
				CLANG_WARN_CONSTANT_CONVERSION = YES;
				CLANG_WARN_DEPRECATED_OBJC_IMPLEMENTATIONS = YES;
				CLANG_WARN_DIRECT_OBJC_ISA_USAGE = YES_ERROR;
				CLANG_WARN_DOCUMENTATION_COMMENTS = YES;
				CLANG_WARN_EMPTY_BODY = YES;
				CLANG_WARN_ENUM_CONVERSION = YES;
				CLANG_WARN_INFINITE_RECURSION = YES;
				CLANG_WARN_INT_CONVERSION = YES;
				CLANG_WARN_NON_LITERAL_NULL_CONVERSION = YES;
				CLANG_WARN_OBJC_IMPLICIT_RETAIN_SELF = YES;
				CLANG_WARN_OBJC_LITERAL_CONVERSION = YES;
				CLANG_WARN_OBJC_ROOT_CLASS = YES_ERROR;
				CLANG_WARN_RANGE_LOOP_ANALYSIS = YES;
				CLANG_WARN_STRICT_PROTOTYPES = YES;
				CLANG_WARN_SUSPICIOUS_MOVE = YES;
				CLANG_WARN_UNGUARDED_AVAILABILITY = YES_AGGRESSIVE;
				CLANG_WARN_UNREACHABLE_CODE = YES;
				CLANG_WARN__DUPLICATE_METHOD_MATCH = YES;
				CODE_SIGN_IDENTITY = "iPhone Developer";
				COPY_PHASE_STRIP = NO;
				DEBUG_INFORMATION_FORMAT = "dwarf-with-dsym";
				ENABLE_NS_ASSERTIONS = NO;
				ENABLE_STRICT_OBJC_MSGSEND = YES;
				GCC_C_LANGUAGE_STANDARD = gnu11;
				GCC_NO_COMMON_BLOCKS = YES;
				GCC_WARN_64_TO_32_BIT_CONVERSION = YES;
				GCC_WARN_ABOUT_RETURN_TYPE = YES_ERROR;
				GCC_WARN_UNDECLARED_SELECTOR = YES;
				GCC_WARN_UNINITIALIZED_AUTOS = YES_AGGRESSIVE;
				GCC_WARN_UNUSED_FUNCTION = YES;
				GCC_WARN_UNUSED_VARIABLE = YES;
				IPHONEOS_DEPLOYMENT_TARGET = 12.4;
				MTL_ENABLE_DEBUG_INFO = NO;
				MTL_FAST_MATH = YES;
				SDKROOT = iphoneos;
				SWIFT_COMPILATION_MODE = wholemodule;
				SWIFT_OPTIMIZATION_LEVEL = "-O";
				VALIDATE_PRODUCT = YES;
			};
			name = Release;
		};
		00C6E6DC2315238800A8F079 /* Debug */ = {
			isa = XCBuildConfiguration;
			baseConfigurationReference = B088B29FE553F5F48E91F7F8 /* Pods-FirstJenkins.debug.xcconfig */;
			buildSettings = {
				ASSETCATALOG_COMPILER_APPICON_NAME = AppIcon;
				CODE_SIGN_STYLE = Automatic;
				DEVELOPMENT_TEAM = DU3S99ZN45;
				INFOPLIST_FILE = FirstJenkins/Info.plist;
				LD_RUNPATH_SEARCH_PATHS = (
					"$(inherited)",
					"@executable_path/Frameworks",
				);
				PRODUCT_BUNDLE_IDENTIFIER = xxx.FirstJenkins;
				PRODUCT_NAME = "$(TARGET_NAME)";
				SWIFT_VERSION = 5.0;
				TARGETED_DEVICE_FAMILY = "1,2";
			};
			name = Debug;
		};
		00C6E6DD2315238800A8F079 /* Release */ = {
			isa = XCBuildConfiguration;
			baseConfigurationReference = 13CBD2C497101728713F44C6 /* Pods-FirstJenkins.release.xcconfig */;
			buildSettings = {
				ASSETCATALOG_COMPILER_APPICON_NAME = AppIcon;
				CODE_SIGN_STYLE = Automatic;
				DEVELOPMENT_TEAM = DU3S99ZN45;
				INFOPLIST_FILE = FirstJenkins/Info.plist;
				LD_RUNPATH_SEARCH_PATHS = (
					"$(inherited)",
					"@executable_path/Frameworks",
				);
				PRODUCT_BUNDLE_IDENTIFIER = xxx.FirstJenkins;
				PRODUCT_NAME = "$(TARGET_NAME)";
				SWIFT_VERSION = 5.0;
				TARGETED_DEVICE_FAMILY = "1,2";
			};
			name = Release;
		};
		00C6E6DF2315238800A8F079 /* Debug */ = {
			isa = XCBuildConfiguration;
			baseConfigurationReference = FB8CD0153ADD7D3676131F23 /* Pods-FirstJenkinsTests.debug.xcconfig */;
			buildSettings = {
				ALWAYS_EMBED_SWIFT_STANDARD_LIBRARIES = YES;
				BUNDLE_LOADER = "$(TEST_HOST)";
				CODE_SIGN_STYLE = Automatic;
				DEVELOPMENT_TEAM = DU3S99ZN45;
				INFOPLIST_FILE = FirstJenkinsTests/Info.plist;
				LD_RUNPATH_SEARCH_PATHS = (
					"$(inherited)",
					"@executable_path/Frameworks",
					"@loader_path/Frameworks",
				);
				PRODUCT_BUNDLE_IDENTIFIER = xxx.FirstJenkinsTests;
				PRODUCT_NAME = "$(TARGET_NAME)";
				SWIFT_VERSION = 5.0;
				TARGETED_DEVICE_FAMILY = "1,2";
				TEST_HOST = "$(BUILT_PRODUCTS_DIR)/FirstJenkins.app/FirstJenkins";
			};
			name = Debug;
		};
		00C6E6E02315238800A8F079 /* Release */ = {
			isa = XCBuildConfiguration;
			baseConfigurationReference = 2FCFF7D4EF9C775FD4430048 /* Pods-FirstJenkinsTests.release.xcconfig */;
			buildSettings = {
				ALWAYS_EMBED_SWIFT_STANDARD_LIBRARIES = YES;
				BUNDLE_LOADER = "$(TEST_HOST)";
				CODE_SIGN_STYLE = Automatic;
				DEVELOPMENT_TEAM = DU3S99ZN45;
				INFOPLIST_FILE = FirstJenkinsTests/Info.plist;
				LD_RUNPATH_SEARCH_PATHS = (
					"$(inherited)",
					"@executable_path/Frameworks",
					"@loader_path/Frameworks",
				);
				PRODUCT_BUNDLE_IDENTIFIER = xxx.FirstJenkinsTests;
				PRODUCT_NAME = "$(TARGET_NAME)";
				SWIFT_VERSION = 5.0;
				TARGETED_DEVICE_FAMILY = "1,2";
				TEST_HOST = "$(BUILT_PRODUCTS_DIR)/FirstJenkins.app/FirstJenkins";
			};
			name = Release;
		};
		00C6E6E22315238800A8F079 /* Debug */ = {
			isa = XCBuildConfiguration;
			baseConfigurationReference = E76D4E3AA15958246F70D291 /* Pods-FirstJenkinsUITests.debug.xcconfig */;
			buildSettings = {
				ALWAYS_EMBED_SWIFT_STANDARD_LIBRARIES = YES;
				CODE_SIGN_STYLE = Automatic;
				DEVELOPMENT_TEAM = DU3S99ZN45;
				INFOPLIST_FILE = FirstJenkinsUITests/Info.plist;
				LD_RUNPATH_SEARCH_PATHS = (
					"$(inherited)",
					"@executable_path/Frameworks",
					"@loader_path/Frameworks",
				);
				PRODUCT_BUNDLE_IDENTIFIER = xxx.FirstJenkinsUITests;
				PRODUCT_NAME = "$(TARGET_NAME)";
				SWIFT_VERSION = 5.0;
				TARGETED_DEVICE_FAMILY = "1,2";
				TEST_TARGET_NAME = FirstJenkins;
			};
			name = Debug;
		};
		00C6E6E32315238800A8F079 /* Release */ = {
			isa = XCBuildConfiguration;
			baseConfigurationReference = 1D403C565BD6D5777582F6F9 /* Pods-FirstJenkinsUITests.release.xcconfig */;
			buildSettings = {
				ALWAYS_EMBED_SWIFT_STANDARD_LIBRARIES = YES;
				CODE_SIGN_STYLE = Automatic;
				DEVELOPMENT_TEAM = DU3S99ZN45;
				INFOPLIST_FILE = FirstJenkinsUITests/Info.plist;
				LD_RUNPATH_SEARCH_PATHS = (
					"$(inherited)",
					"@executable_path/Frameworks",
					"@loader_path/Frameworks",
				);
				PRODUCT_BUNDLE_IDENTIFIER = xxx.FirstJenkinsUITests;
				PRODUCT_NAME = "$(TARGET_NAME)";
				SWIFT_VERSION = 5.0;
				TARGETED_DEVICE_FAMILY = "1,2";
				TEST_TARGET_NAME = FirstJenkins;
			};
			name = Release;
		};
/* End XCBuildConfiguration section */

/* Begin XCConfigurationList section */
		00C6E6AE2315238600A8F079 /* Build configuration list for PBXProject "FirstJenkins" */ = {
			isa = XCConfigurationList;
			buildConfigurations = (
				00C6E6D92315238800A8F079 /* Debug */,
				00C6E6DA2315238800A8F079 /* Release */,
			);
			defaultConfigurationIsVisible = 0;
			defaultConfigurationName = Release;
		};
		00C6E6DB2315238800A8F079 /* Build configuration list for PBXNativeTarget "FirstJenkins" */ = {
			isa = XCConfigurationList;
			buildConfigurations = (
				00C6E6DC2315238800A8F079 /* Debug */,
				00C6E6DD2315238800A8F079 /* Release */,
			);
			defaultConfigurationIsVisible = 0;
			defaultConfigurationName = Release;
		};
		00C6E6DE2315238800A8F079 /* Build configuration list for PBXNativeTarget "FirstJenkinsTests" */ = {
			isa = XCConfigurationList;
			buildConfigurations = (
				00C6E6DF2315238800A8F079 /* Debug */,
				00C6E6E02315238800A8F079 /* Release */,
			);
			defaultConfigurationIsVisible = 0;
			defaultConfigurationName = Release;
		};
		00C6E6E12315238800A8F079 /* Build configuration list for PBXNativeTarget "FirstJenkinsUITests" */ = {
			isa = XCConfigurationList;
			buildConfigurations = (
				00C6E6E22315238800A8F079 /* Debug */,
				00C6E6E32315238800A8F079 /* Release */,
			);
			defaultConfigurationIsVisible = 0;
			defaultConfigurationName = Release;
		};
/* End XCConfigurationList section */
	};
	rootObject = 00C6E6AB2315238600A8F079 /* Project object */;
}
